
Microsoft Visual Studio Solution File, Format Version 12.00
# Visual Studio Version 17
VisualStudioVersion = 17.13.35931.197 d17.13
MinimumVisualStudioVersion = 10.0.40219.1
Project("{FAE04EC0-301F-11D3-BF4B-00C04F79EFBC}") = "AI_ChatApp", "AI_ChatApp.csproj", "{F5314AD7-09D4-4D2E-B8EA-A488AE773FAF}"
EndProject
Project("{FAE04EC0-301F-11D3-BF4B-00C04F79EFBC}") = "AI_ChatAPI", "..\AI_ChatAPI\AI_ChatAPI.csproj", "{BCD2F093-1C4D-4DCC-B66F-CA97CDCA9F25}"
EndProject
Global
	GlobalSection(SolutionConfigurationPlatforms) = preSolution
		Debug|Any CPU = Debug|Any CPU
		Release|Any CPU = Release|Any CPU
	EndGlobalSection
	GlobalSection(ProjectConfigurationPlatforms) = postSolution
		{F5314AD7-09D4-4D2E-B8EA-A488AE773FAF}.Debug|Any CPU.ActiveCfg = Debug|Any CPU
		{F5314AD7-09D4-4D2E-B8EA-A488AE773FAF}.Debug|Any CPU.Build.0 = Debug|Any CPU
		{F5314AD7-09D4-4D2E-B8EA-A488AE773FAF}.Release|Any CPU.ActiveCfg = Release|Any CPU
		{F5314AD7-09D4-4D2E-B8EA-A488AE773FAF}.Release|Any CPU.Build.0 = Release|Any CPU
		{BCD2F093-1C4D-4DCC-B66F-CA97CDCA9F25}.Debug|Any CPU.ActiveCfg = Debug|Any CPU
		{BCD2F093-1C4D-4DCC-B66F-CA97CDCA9F25}.Debug|Any CPU.Build.0 = Debug|Any CPU
		{BCD2F093-1C4D-4DCC-B66F-CA97CDCA9F25}.Release|Any CPU.ActiveCfg = Release|Any CPU
		{BCD2F093-1C4D-4DCC-B66F-CA97CDCA9F25}.Release|Any CPU.Build.0 = Release|Any CPU
	EndGlobalSection
	GlobalSection(SolutionProperties) = preSolution
		HideSolutionNode = FALSE
	EndGlobalSection
	GlobalSection(ExtensibilityGlobals) = postSolution
		SolutionGuid = {992821A5-14D2-4D65-BB02-82DDC7567CEC}
	EndGlobalSection
EndGlobal
